RESTRICTION: == net48
NUGET
  remote: https://api.nuget.org/v3/index.json
    Castle.Core (4.4)
    LibGit2Sharp (0.31)
      LibGit2Sharp.NativeBinaries (2.0.323)
    LibGit2Sharp.NativeBinaries (2.0.323)
    Moq (4.14.7)
      Castle.Core (>= 4.4)
      System.Threading.Tasks.Extensions (>= 4.5.1)
    NLog (4.7.5)
    structuremap (2.6.4.1)
    structuremap.automocking (2.6.4.1)
      structuremap (>= 2.6.4)
    System.Runtime.CompilerServices.Unsafe (4.7.1)
    System.Threading.Tasks.Extensions (4.5.4)
      System.Runtime.CompilerServices.Unsafe (>= 4.5.3)
    xunit (2.7)
      xunit.analyzers (>= 1.11)
      xunit.assert (>= 2.7)
      xunit.core (2.7)
    xunit.abstractions (2.0.3)
    xunit.analyzers (1.11)
    xunit.assert (2.7)
    xunit.core (2.7)
      xunit.extensibility.core (2.7)
      xunit.extensibility.execution (2.7)
    xunit.extensibility.core (2.7)
      xunit.abstractions (>= 2.0.3)
    xunit.extensibility.execution (2.7)
      xunit.extensibility.core (2.7)
    xunit.runner.visualstudio (2.4.1) - version_in_path: true

GROUP Build
REDIRECTS: OFF
NUGET
  remote: https://api.nuget.org/v3/index.json
    Cake (1.3)
    Cake.Git (1.0.1)
    GitVersion.CommandLine (5.5)
    Octokit (0.52)
    OpenCover (4.7.922)
    ReportGenerator (4.7.1)
    xunit.runner.console (2.7)

GROUP VS2015
RESTRICTION: == net48
NUGET
  remote: https://api.nuget.org/v3/index.json
    Microsoft.AspNet.WebApi.Client (5.2.3)
      Newtonsoft.Json (>= 6.0.4)
    Microsoft.AspNet.WebApi.Core (5.2.3)
      Microsoft.AspNet.WebApi.Client (>= 5.2.3)
    Microsoft.IdentityModel.Clients.ActiveDirectory (3.13.9)
    Microsoft.IdentityModel.Logging (1.1.3)
    Microsoft.IdentityModel.Tokens (5.1.3)
      Microsoft.IdentityModel.Logging (>= 1.1.3)
      Newtonsoft.Json (>= 9.0.1)
    Microsoft.TeamFoundationServer.Client (14.102)
      Microsoft.AspNet.WebApi.Client (>= 5.2.2)
      Microsoft.VisualStudio.Services.Client (14.102)
      Newtonsoft.Json (>= 6.0.8)
    Microsoft.TeamFoundationServer.ExtendedClient (14.102)
      Microsoft.AspNet.WebApi.Client (>= 5.2.2)
      Microsoft.AspNet.WebApi.Core (>= 5.2.2)
      Microsoft.IdentityModel.Clients.ActiveDirectory (>= 2.16.204221202)
      Microsoft.TeamFoundationServer.Client (14.102)
      Microsoft.VisualStudio.Services.Client (14.102)
      Microsoft.VisualStudio.Services.InteractiveClient (14.102)
      Newtonsoft.Json (>= 6.0.8)
      System.IdentityModel.Tokens.Jwt (>= 4.0)
    Microsoft.VisualStudio.Services.Client (14.102)
      Microsoft.AspNet.WebApi.Client (>= 5.2.2)
      Newtonsoft.Json (>= 6.0.8)
    Microsoft.VisualStudio.Services.InteractiveClient (14.102)
      Microsoft.AspNet.WebApi.Client (>= 5.2.2)
      Microsoft.IdentityModel.Clients.ActiveDirectory (>= 2.16.204221202)
      Microsoft.VisualStudio.Services.Client (14.102)
      Newtonsoft.Json (>= 6.0.8)
      System.IdentityModel.Tokens.Jwt (>= 4.0)
      WindowsAzure.ServiceBus (>= 2.5.1)
    Newtonsoft.Json (10.0.2)
    System.IdentityModel.Tokens.Jwt (5.1.3)
      Microsoft.IdentityModel.Tokens (>= 5.1.3)
    WindowsAzure.ServiceBus (4.0)

GROUP VS2017
RESTRICTION: == net48
NUGET
  remote: https://api.nuget.org/v3/index.json
    MessagePack (2.2.60)
      MessagePack.Annotations (>= 2.2.60)
      Microsoft.Bcl.AsyncInterfaces (>= 1.0)
      System.Collections.Immutable (>= 1.5)
      System.Memory (>= 4.5.3)
      System.Reflection.Emit (>= 4.6)
      System.Reflection.Emit.Lightweight (>= 4.6)
      System.Runtime.CompilerServices.Unsafe (>= 4.5.2)
      System.Threading.Tasks.Extensions (>= 4.5.3)
    MessagePack.Annotations (2.2.60)
    Microsoft.AspNet.WebApi.Client (5.2.7)
      Newtonsoft.Json (>= 6.0.4)
    Microsoft.AspNet.WebApi.Core (5.2.7)
      Microsoft.AspNet.WebApi.Client (>= 5.2.7)
    Microsoft.Azure.Services.AppAuthentication (1.6)
      Microsoft.IdentityModel.Clients.ActiveDirectory (>= 5.2)
    Microsoft.Bcl.AsyncInterfaces (1.1.1)
      System.Threading.Tasks.Extensions (>= 4.5.4)
    Microsoft.CodeAnalysis.BannedApiAnalyzers (3.3.1)
    Microsoft.Diagnostics.Tracing.EventSource.Redist (2.2)
    Microsoft.IdentityModel.Clients.ActiveDirectory (5.2.8)
      System.Net.Http (>= 4.3.4)
    Microsoft.IdentityModel.JsonWebTokens (6.8)
      Microsoft.IdentityModel.Tokens (>= 6.8)
    Microsoft.IdentityModel.Logging (6.8)
    Microsoft.IdentityModel.Tokens (6.8)
      Microsoft.IdentityModel.Logging (>= 6.8)
    Microsoft.Rest.ClientRuntime (2.3.22)
      Newtonsoft.Json (>= 10.0.3)
    Microsoft.ServiceHub.Analyzers (2.6.92)
    Microsoft.ServiceHub.Client (2.6.92)
      Microsoft.ServiceHub.Framework (>= 2.6.92)
      Microsoft.ServiceHub.Resources (>= 2.6.92)
      Microsoft.VisualStudio.RemoteControl (>= 16.3.23)
      Microsoft.VisualStudio.Telemetry (>= 16.3.58)
      StreamJsonRpc (>= 2.5.37)
      System.Collections.Immutable (>= 1.5)
    Microsoft.ServiceHub.Framework (2.6.92)
      Microsoft.ServiceHub.Analyzers (>= 2.6.92)
      StreamJsonRpc (>= 2.5.37)
      System.Collections.Immutable (>= 1.5)
    Microsoft.ServiceHub.Resources (2.6.92)
    Microsoft.TeamFoundation.DistributedTask.Common.Contracts (15.131.1)
      Microsoft.VisualStudio.Services.Client (15.131.1)
    Microsoft.TeamFoundationServer.Client (15.131.1)
      Microsoft.AspNet.WebApi.Client (>= 5.2.3)
      Microsoft.TeamFoundation.DistributedTask.Common.Contracts (15.131.1)
      Microsoft.VisualStudio.Services.Client (15.131.1)
      Newtonsoft.Json (>= 9.0.1)
    Microsoft.TeamFoundationServer.ExtendedClient (15.131.1)
      Microsoft.AspNet.WebApi.Client (>= 5.2.3)
      Microsoft.AspNet.WebApi.Core (>= 5.2.3)
      Microsoft.IdentityModel.Clients.ActiveDirectory (>= 3.17.2)
      Microsoft.TeamFoundationServer.Client (15.131.1)
      Microsoft.VisualStudio.Services.Client (15.131.1)
      Microsoft.VisualStudio.Services.InteractiveClient (15.131.1)
      Newtonsoft.Json (>= 9.0.1)
      System.IdentityModel.Tokens.Jwt (>= 5.1.5)
    Microsoft.VisualStudio.CoreUtility (16.6.255)
      Microsoft.VisualStudio.Threading (>= 16.6.5-alpha)
      System.Collections.Immutable (>= 1.5)
      System.ComponentModel.Composition (>= 4.5)
    Microsoft.VisualStudio.ImageCatalog (16.7.30328.74)
      Microsoft.VisualStudio.Imaging.Interop.14.0.DesignTime (>= 16.7.30328.74)
    Microsoft.VisualStudio.Imaging (16.7.30329.63)
      Microsoft.VisualStudio.ImageCatalog (>= 16.7.30328.74)
      Microsoft.VisualStudio.Utilities (>= 16.7.30329.38)
    Microsoft.VisualStudio.Imaging.Interop.14.0.DesignTime (16.7.30328.74)
    Microsoft.VisualStudio.OLE.Interop (16.7.30328.74)
    Microsoft.VisualStudio.RegDetour (16.7.30329.38)
    Microsoft.VisualStudio.RemoteControl (16.3.23)
      Microsoft.VisualStudio.Utilities.Internal (>= 16.3.5)
    Microsoft.VisualStudio.SDK.Analyzers (16.7.9)
      Microsoft.CodeAnalysis.BannedApiAnalyzers (>= 3.0)
      Microsoft.VisualStudio.Threading.Analyzers (>= 16.7.40)
    Microsoft.VisualStudio.SDK.EmbedInteropTypes (15.0.34)
    Microsoft.VisualStudio.Services.Client (15.131.1)
      Microsoft.AspNet.WebApi.Client (>= 5.2.3)
      Newtonsoft.Json (>= 9.0.1)
    Microsoft.VisualStudio.Services.InteractiveClient (15.131.1)
      Microsoft.IdentityModel.Clients.ActiveDirectory (>= 3.17.2)
      Microsoft.IdentityModel.Logging (>= 1.1.5)
      Microsoft.IdentityModel.Tokens (>= 5.1.5)
      Microsoft.VisualStudio.Services.Client (15.131.1)
      Newtonsoft.Json (>= 9.0.1)
      System.IdentityModel.Tokens.Jwt (>= 5.1.5)
      WindowsAzure.ServiceBus (>= 3.3.2)
    Microsoft.VisualStudio.Settings.15.0 (15.9.28307)
      Microsoft.VisualStudio.RegDetour (>= 15.9.28307)
      Microsoft.VisualStudio.Shell.15.0 (>= 15.9.28307)
    Microsoft.VisualStudio.Setup.Configuration.Interop (1.16.30)
    Microsoft.VisualStudio.Shell.15.0 (16.7.30329.88)
      Microsoft.ServiceHub.Framework (>= 2.4.227)
      Microsoft.VisualStudio.Imaging (>= 16.7.30329.63)
      Microsoft.VisualStudio.SDK.EmbedInteropTypes (>= 15.0.30)
      Microsoft.VisualStudio.Shell.Embeddable (>= 16.7.30328.119)
      Microsoft.VisualStudio.Shell.Framework (>= 16.7.30329.88)
      Microsoft.VisualStudio.Shell.Interop.14.0.DesignTime (>= 14.3.26930)
      Microsoft.VisualStudio.Shell.Interop.15.3.DesignTime (>= 15.0.26930)
      Microsoft.VisualStudio.Shell.Interop.15.6.DesignTime (>= 15.6.27414)
      Microsoft.VisualStudio.Shell.Interop.9.0 (>= 9.0.30731)
      Microsoft.VisualStudio.Telemetry (>= 16.3.59)
      Microsoft.VisualStudio.Text.Data (>= 16.0.428)
      Microsoft.VisualStudio.Threading (>= 16.7.40)
      System.Collections.Immutable (>= 1.5)
    Microsoft.VisualStudio.Shell.Embeddable (16.7.30328.119)
      Microsoft.ServiceHub.Framework (>= 2.6.92)
      Microsoft.VisualStudio.Imaging.Interop.14.0.DesignTime (>= 14.3.26931)
      Nerdbank.NetStandardBridge (>= 1.0.3)
    Microsoft.VisualStudio.Shell.Framework (16.7.30329.88)
      Microsoft.VisualStudio.OLE.Interop (>= 7.10.6072)
      Microsoft.VisualStudio.SDK.Analyzers (>= 16.7.8)
      Microsoft.VisualStudio.Utilities (>= 16.7.30329.38)
    Microsoft.VisualStudio.Shell.Interop (16.7.30328.74)
      Microsoft.VisualStudio.TextManager.Interop (>= 16.7.30328.74)
    Microsoft.VisualStudio.Shell.Interop.10.0 (16.7.30328.74)
      Microsoft.VisualStudio.Shell.Interop.8.0 (>= 16.7.30328.74)
    Microsoft.VisualStudio.Shell.Interop.11.0 (16.7.30328.74)
      Microsoft.VisualStudio.Shell.Interop.10.0 (>= 16.7.30328.74)
    Microsoft.VisualStudio.Shell.Interop.12.0 (16.7.30328.74)
      Microsoft.VisualStudio.Shell.Interop.11.0 (>= 16.7.30328.74)
    Microsoft.VisualStudio.Shell.Interop.14.0.DesignTime (16.7.30328.74)
      Microsoft.VisualStudio.Imaging.Interop.14.0.DesignTime (>= 16.7.30328.74)
      Microsoft.VisualStudio.Shell.Interop.12.0 (>= 16.7.30328.74)
    Microsoft.VisualStudio.Shell.Interop.15.3.DesignTime (16.7.30328.74)
      Microsoft.VisualStudio.Shell.Interop.11.0 (>= 16.7.30328.74)
    Microsoft.VisualStudio.Shell.Interop.15.6.DesignTime (16.7.30328.74)
      Microsoft.VisualStudio.Shell.Interop.11.0 (>= 16.7.30328.74)
    Microsoft.VisualStudio.Shell.Interop.8.0 (16.7.30328.74)
      Microsoft.VisualStudio.TextManager.Interop.8.0 (>= 16.7.30328.74)
    Microsoft.VisualStudio.Shell.Interop.9.0 (16.7.30328.74)
      Microsoft.VisualStudio.Shell.Interop.8.0 (>= 16.7.30328.74)
    Microsoft.VisualStudio.Telemetry (16.3.59)
      Microsoft.Diagnostics.Tracing.EventSource.Redist (>= 1.1.28)
      Microsoft.VisualStudio.RemoteControl (>= 16.3.23)
      Newtonsoft.Json (>= 9.0.1)
    Microsoft.VisualStudio.Text.Data (16.6.255)
      Microsoft.VisualStudio.CoreUtility (>= 16.6.255)
      Microsoft.VisualStudio.Threading (>= 16.6.5-alpha)
    Microsoft.VisualStudio.TextManager.Interop (16.7.30328.74)
      Microsoft.VisualStudio.OLE.Interop (>= 16.7.30328.74)
    Microsoft.VisualStudio.TextManager.Interop.8.0 (16.7.30328.74)
      Microsoft.VisualStudio.Shell.Interop (>= 16.7.30328.74)
    Microsoft.VisualStudio.Threading (16.8.51)
      Microsoft.Bcl.AsyncInterfaces (>= 1.1.1)
      Microsoft.VisualStudio.Threading.Analyzers (>= 16.8.51)
      Microsoft.VisualStudio.Validation (>= 16.8.33)
      Microsoft.Win32.Registry (>= 4.7)
      System.Threading.Tasks.Extensions (>= 4.5.4)
    Microsoft.VisualStudio.Threading.Analyzers (16.8.51)
    Microsoft.VisualStudio.Utilities (16.7.30329.38)
      Microsoft.ServiceHub.Client (>= 2.6.92)
      System.ComponentModel.Composition (>= 4.5)
      System.Threading.AccessControl (>= 4.7)
      System.Threading.Tasks.Dataflow (>= 4.9)
    Microsoft.VisualStudio.Utilities.Internal (16.3.23)
    Microsoft.VisualStudio.Validation (16.8.33)
    Microsoft.Win32.Registry (4.7)
      System.Security.AccessControl (>= 4.7)
      System.Security.Principal.Windows (>= 4.7)
    Nerdbank.NetStandardBridge (1.0.3)
    Nerdbank.Streams (2.6.81)
      Microsoft.Bcl.AsyncInterfaces (>= 1.1.1)
      Microsoft.VisualStudio.Threading (>= 16.7.56)
      Microsoft.VisualStudio.Validation (>= 15.5.31)
      System.IO.Pipelines (>= 4.7.2)
      System.Net.WebSockets (>= 4.3)
      System.Runtime.CompilerServices.Unsafe (>= 4.7.1)
    Newtonsoft.Json (12.0.3)
    StreamJsonRpc (2.6.121)
      MessagePack (>= 2.1.194)
      Microsoft.Bcl.AsyncInterfaces (>= 1.1.1)
      Microsoft.VisualStudio.Threading (>= 16.7.56)
      Nerdbank.Streams (>= 2.6.77)
      Newtonsoft.Json (>= 12.0.2)
      System.Collections.Immutable (>= 1.7.1)
      System.IO.Pipelines (>= 4.7.2)
      System.Memory (>= 4.5.4)
      System.Net.Http (>= 4.3.4)
      System.Net.WebSockets (>= 4.3)
      System.Reflection.Emit (>= 4.7)
      System.Threading.Tasks.Dataflow (>= 4.11.1)
      System.Threading.Tasks.Extensions (>= 4.5.4)
    System.Buffers (4.5.1)
    System.Collections.Immutable (1.7.1)
      System.Memory (>= 4.5.4)
    System.ComponentModel.Composition (4.7)
    System.IdentityModel.Tokens.Jwt (6.8)
      Microsoft.IdentityModel.JsonWebTokens (>= 6.8)
      Microsoft.IdentityModel.Tokens (>= 6.8)
    System.IO (4.3)
    System.IO.Pipelines (4.7.3)
      System.Buffers (>= 4.5.1)
      System.Memory (>= 4.5.4)
      System.Threading.Tasks.Extensions (>= 4.5.4)
    System.Memory (4.5.4)
      System.Buffers (>= 4.5.1)
      System.Numerics.Vectors (>= 4.5)
      System.Runtime.CompilerServices.Unsafe (>= 4.5.3)
    System.Net.Http (4.3.4)
      System.Security.Cryptography.X509Certificates (>= 4.3)
    System.Net.WebSockets (4.3)
    System.Numerics.Vectors (4.5)
    System.Reflection.Emit (4.7)
    System.Reflection.Emit.Lightweight (4.7)
    System.Runtime (4.3.1)
    System.Runtime.CompilerServices.Unsafe (4.7.1)
    System.Security.AccessControl (4.7)
      System.Security.Principal.Windows (>= 4.7)
    System.Security.Cryptography.Algorithms (4.3.1)
      System.IO (>= 4.3)
      System.Runtime (>= 4.3)
      System.Security.Cryptography.Encoding (>= 4.3)
      System.Security.Cryptography.Primitives (>= 4.3)
    System.Security.Cryptography.Encoding (4.3)
    System.Security.Cryptography.Primitives (4.3)
    System.Security.Cryptography.X509Certificates (4.3.2)
      System.Security.Cryptography.Algorithms (>= 4.3)
      System.Security.Cryptography.Encoding (>= 4.3)
    System.Security.Principal.Windows (4.7)
    System.Threading.AccessControl (4.7)
      System.Security.AccessControl (>= 4.7)
      System.Security.Principal.Windows (>= 4.7)
    System.Threading.Tasks.Dataflow (4.11.1)
    System.Threading.Tasks.Extensions (4.5.4)
      System.Runtime.CompilerServices.Unsafe (>= 4.5.3)
    WindowsAzure.ServiceBus (6.0.3)
      Microsoft.Azure.Services.AppAuthentication (>= 1.0.3)
      Microsoft.Rest.ClientRuntime (>= 2.3.20)
      System.IdentityModel.Tokens.Jwt (>= 4.0.4.403061554)

GROUP VS2019
RESTRICTION: == net48
NUGET
  remote: https://api.nuget.org/v3/index.json
    Ben.Demystifier (0.3)
      System.Reflection.Metadata (>= 5.0)
      System.Threading.Tasks.Extensions (>= 4.5.4)
    MessagePack (2.2.85)
      MessagePack.Annotations (>= 2.2.85)
      Microsoft.Bcl.AsyncInterfaces (>= 1.0)
      System.Collections.Immutable (>= 1.5)
      System.Memory (>= 4.5.3)
      System.Reflection.Emit (>= 4.6)
      System.Reflection.Emit.Lightweight (>= 4.6)
      System.Runtime.CompilerServices.Unsafe (>= 4.5.2)
      System.Threading.Tasks.Extensions (>= 4.5.3)
    MessagePack.Annotations (2.2.85)
    Microsoft.AspNet.WebApi.Client (5.2.7)
      Newtonsoft.Json (>= 6.0.4)
    Microsoft.AspNet.WebApi.Core (5.2.7)
      Microsoft.AspNet.WebApi.Client (>= 5.2.7)
    Microsoft.AspNet.WebApi.WebHost (5.2.7)
      Microsoft.AspNet.WebApi.Core (>= 5.2.7 < 5.3)
    Microsoft.Bcl.AsyncInterfaces (5.0)
      System.Threading.Tasks.Extensions (>= 4.5.4)
    Microsoft.CodeAnalysis.BannedApiAnalyzers (3.3.2)
    Microsoft.Diagnostics.Tracing.EventSource.Redist (5.0)
    Microsoft.IdentityModel.Clients.ActiveDirectory (5.2.8)
      System.Net.Http (>= 4.3.4)
    Microsoft.IdentityModel.JsonWebTokens (6.8)
      Microsoft.IdentityModel.Tokens (>= 6.8)
    Microsoft.IdentityModel.Logging (6.8)
    Microsoft.IdentityModel.Tokens (6.8)
      Microsoft.IdentityModel.Logging (>= 6.8)
    Microsoft.ServiceHub.Analyzers (2.7.100)
    Microsoft.ServiceHub.Client (2.7.100)
      Microsoft.ServiceHub.Framework (>= 2.7.100)
      Microsoft.ServiceHub.Resources (>= 2.7.100)
      Microsoft.VisualStudio.RemoteControl (>= 16.3.23)
      Microsoft.VisualStudio.Telemetry (>= 16.3.58)
      Nerdbank.Streams (>= 2.6.77)
      StreamJsonRpc (>= 2.6.113)
      System.Collections.Immutable (>= 1.7.1)
    Microsoft.ServiceHub.Framework (2.7.100)
      Microsoft.ServiceHub.Analyzers (>= 2.7.100)
      Nerdbank.Streams (>= 2.6.77)
      StreamJsonRpc (>= 2.6.113)
      System.Collections.Immutable (>= 1.7.1)
    Microsoft.ServiceHub.Resources (2.7.100)
    Microsoft.TeamFoundation.DistributedTask.Common.Contracts (16.170)
      Microsoft.VisualStudio.Services.Client (16.170)
    Microsoft.TeamFoundationServer.Client (16.170)
      Microsoft.AspNet.WebApi.Client (>= 5.2.7)
      Microsoft.AspNet.WebApi.Core (>= 5.2.7)
      Microsoft.AspNet.WebApi.WebHost (>= 5.2.7)
      Microsoft.TeamFoundation.DistributedTask.Common.Contracts (16.170)
      Microsoft.VisualStudio.Services.Client (16.170)
      Newtonsoft.Json (>= 12.0.3)
    Microsoft.TeamFoundationServer.ExtendedClient (16.170)
      Microsoft.AspNet.WebApi.Client (>= 5.2.7)
      Microsoft.AspNet.WebApi.Core (>= 5.2.7)
      Microsoft.IdentityModel.Clients.ActiveDirectory (>= 5.2.6)
      Microsoft.TeamFoundationServer.Client (16.170)
      Microsoft.VisualStudio.Services.Client (16.170)
      Microsoft.VisualStudio.Services.InteractiveClient (16.170)
      Newtonsoft.Json (>= 12.0.3)
      System.IdentityModel.Tokens.Jwt (>= 5.6)
    Microsoft.VisualStudio.CoreUtility (16.8.239)
      Microsoft.VisualStudio.Threading (>= 16.7.56)
      System.Collections.Immutable (>= 1.5)
      System.ComponentModel.Composition (>= 4.5)
    Microsoft.VisualStudio.ImageCatalog (16.7.30328.74)
      Microsoft.VisualStudio.Imaging.Interop.14.0.DesignTime (>= 16.7.30328.74)
    Microsoft.VisualStudio.Imaging (16.7.30329.63)
      Microsoft.VisualStudio.ImageCatalog (>= 16.7.30328.74)
      Microsoft.VisualStudio.Utilities (>= 16.7.30329.38)
    Microsoft.VisualStudio.Imaging.Interop.14.0.DesignTime (16.7.30328.74)
    Microsoft.VisualStudio.OLE.Interop (16.7.30328.74)
    Microsoft.VisualStudio.RegDetour (16.7.30329.38)
    Microsoft.VisualStudio.RemoteControl (16.3.23)
      Microsoft.VisualStudio.Utilities.Internal (>= 16.3.5)
    Microsoft.VisualStudio.SDK.Analyzers (16.7.9)
      Microsoft.CodeAnalysis.BannedApiAnalyzers (>= 3.0)
      Microsoft.VisualStudio.Threading.Analyzers (>= 16.7.40)
    Microsoft.VisualStudio.SDK.EmbedInteropTypes (15.0.36)
    Microsoft.VisualStudio.Services.Client (16.170)
      Microsoft.AspNet.WebApi.Client (>= 5.2.7)
      Microsoft.IdentityModel.Tokens (>= 5.6)
      Newtonsoft.Json (>= 12.0.3)
      System.IdentityModel.Tokens.Jwt (>= 5.6)
    Microsoft.VisualStudio.Services.InteractiveClient (16.170)
      Ben.Demystifier (>= 0.1.2)
      Microsoft.IdentityModel.Clients.ActiveDirectory (>= 5.2.6)
      Microsoft.IdentityModel.Logging (>= 5.6)
      Microsoft.IdentityModel.Tokens (>= 5.6)
      Microsoft.VisualStudio.Services.Client (16.170)
      Newtonsoft.Json (>= 12.0.3)
      System.IdentityModel.Tokens.Jwt (>= 5.6)
    Microsoft.VisualStudio.Settings.15.0 (16.7.30329.88)
      Microsoft.VisualStudio.RegDetour (>= 16.7.30329.38)
      Microsoft.VisualStudio.Shell.15.0 (>= 16.7.30329.88)
    Microsoft.VisualStudio.Setup.Configuration.Interop (1.16.30)
    Microsoft.VisualStudio.Shell.15.0 (16.7.30329.88)
      Microsoft.ServiceHub.Framework (>= 2.4.227)
      Microsoft.VisualStudio.Imaging (>= 16.7.30329.63)
      Microsoft.VisualStudio.SDK.EmbedInteropTypes (>= 15.0.30)
      Microsoft.VisualStudio.Shell.Embeddable (>= 16.7.30328.119)
      Microsoft.VisualStudio.Shell.Framework (>= 16.7.30329.88)
      Microsoft.VisualStudio.Shell.Interop.14.0.DesignTime (>= 14.3.26930)
      Microsoft.VisualStudio.Shell.Interop.15.3.DesignTime (>= 15.0.26930)
      Microsoft.VisualStudio.Shell.Interop.15.6.DesignTime (>= 15.6.27414)
      Microsoft.VisualStudio.Shell.Interop.9.0 (>= 9.0.30731)
      Microsoft.VisualStudio.Telemetry (>= 16.3.59)
      Microsoft.VisualStudio.Text.Data (>= 16.0.428)
      Microsoft.VisualStudio.Threading (>= 16.7.40)
      System.Collections.Immutable (>= 1.5)
    Microsoft.VisualStudio.Shell.Embeddable (16.7.30328.119)
      Microsoft.ServiceHub.Framework (>= 2.6.92)
      Microsoft.VisualStudio.Imaging.Interop.14.0.DesignTime (>= 14.3.26931)
      Nerdbank.NetStandardBridge (>= 1.0.3)
    Microsoft.VisualStudio.Shell.Framework (16.7.30329.88)
      Microsoft.VisualStudio.OLE.Interop (>= 7.10.6072)
      Microsoft.VisualStudio.SDK.Analyzers (>= 16.7.8)
      Microsoft.VisualStudio.Utilities (>= 16.7.30329.38)
    Microsoft.VisualStudio.Shell.Interop (16.7.30328.74)
      Microsoft.VisualStudio.TextManager.Interop (>= 16.7.30328.74)
    Microsoft.VisualStudio.Shell.Interop.10.0 (16.7.30328.74)
      Microsoft.VisualStudio.Shell.Interop.8.0 (>= 16.7.30328.74)
    Microsoft.VisualStudio.Shell.Interop.11.0 (16.7.30328.74)
      Microsoft.VisualStudio.Shell.Interop.10.0 (>= 16.7.30328.74)
    Microsoft.VisualStudio.Shell.Interop.12.0 (16.7.30328.74)
      Microsoft.VisualStudio.Shell.Interop.11.0 (>= 16.7.30328.74)
    Microsoft.VisualStudio.Shell.Interop.14.0.DesignTime (16.7.30328.74)
      Microsoft.VisualStudio.Imaging.Interop.14.0.DesignTime (>= 16.7.30328.74)
      Microsoft.VisualStudio.Shell.Interop.12.0 (>= 16.7.30328.74)
    Microsoft.VisualStudio.Shell.Interop.15.3.DesignTime (16.7.30328.74)
      Microsoft.VisualStudio.Shell.Interop.11.0 (>= 16.7.30328.74)
    Microsoft.VisualStudio.Shell.Interop.15.6.DesignTime (16.7.30328.74)
      Microsoft.VisualStudio.Shell.Interop.11.0 (>= 16.7.30328.74)
    Microsoft.VisualStudio.Shell.Interop.8.0 (16.7.30328.74)
      Microsoft.VisualStudio.TextManager.Interop.8.0 (>= 16.7.30328.74)
    Microsoft.VisualStudio.Shell.Interop.9.0 (16.7.30328.74)
      Microsoft.VisualStudio.Shell.Interop.8.0 (>= 16.7.30328.74)
    Microsoft.VisualStudio.Telemetry (16.3.59)
      Microsoft.Diagnostics.Tracing.EventSource.Redist (>= 1.1.28)
      Microsoft.VisualStudio.RemoteControl (>= 16.3.23)
      Newtonsoft.Json (>= 9.0.1)
    Microsoft.VisualStudio.Text.Data (16.8.239)
      Microsoft.VisualStudio.CoreUtility (>= 16.8.239)
      Microsoft.VisualStudio.Threading (>= 16.7.56)
    Microsoft.VisualStudio.TextManager.Interop (16.7.30328.74)
      Microsoft.VisualStudio.OLE.Interop (>= 16.7.30328.74)
    Microsoft.VisualStudio.TextManager.Interop.8.0 (16.7.30328.74)
      Microsoft.VisualStudio.Shell.Interop (>= 16.7.30328.74)
    Microsoft.VisualStudio.Threading (16.8.55)
      Microsoft.Bcl.AsyncInterfaces (>= 1.1.1)
      Microsoft.VisualStudio.Threading.Analyzers (>= 16.8.55)
      Microsoft.VisualStudio.Validation (>= 16.8.33)
      Microsoft.Win32.Registry (>= 4.7)
      System.Threading.Tasks.Extensions (>= 4.5.4)
    Microsoft.VisualStudio.Threading.Analyzers (16.8.55)
    Microsoft.VisualStudio.Utilities (16.7.30329.38)
      Microsoft.ServiceHub.Client (>= 2.6.92)
      System.ComponentModel.Composition (>= 4.5)
      System.Threading.AccessControl (>= 4.7)
      System.Threading.Tasks.Dataflow (>= 4.9)
    Microsoft.VisualStudio.Utilities.Internal (16.3.23)
    Microsoft.VisualStudio.Validation (16.8.33)
    Microsoft.Win32.Registry (5.0)
      System.Security.AccessControl (>= 5.0)
      System.Security.Principal.Windows (>= 5.0)
    Nerdbank.NetStandardBridge (1.0.3)
    Nerdbank.Streams (2.6.81)
      Microsoft.Bcl.AsyncInterfaces (>= 1.1.1)
      Microsoft.VisualStudio.Threading (>= 16.7.56)
      Microsoft.VisualStudio.Validation (>= 15.5.31)
      System.IO.Pipelines (>= 4.7.2)
      System.Net.WebSockets (>= 4.3)
      System.Runtime.CompilerServices.Unsafe (>= 4.7.1)
    Newtonsoft.Json (12.0.3)
    StreamJsonRpc (2.6.121)
      MessagePack (>= 2.1.194)
      Microsoft.Bcl.AsyncInterfaces (>= 1.1.1)
      Microsoft.VisualStudio.Threading (>= 16.7.56)
      Nerdbank.Streams (>= 2.6.77)
      Newtonsoft.Json (>= 12.0.2)
      System.Collections.Immutable (>= 1.7.1)
      System.IO.Pipelines (>= 4.7.2)
      System.Memory (>= 4.5.4)
      System.Net.Http (>= 4.3.4)
      System.Net.WebSockets (>= 4.3)
      System.Reflection.Emit (>= 4.7)
      System.Threading.Tasks.Dataflow (>= 4.11.1)
      System.Threading.Tasks.Extensions (>= 4.5.4)
    System.Buffers (4.5.1)
    System.Collections.Immutable (5.0)
      System.Memory (>= 4.5.4)
    System.ComponentModel.Composition (5.0)
    System.IdentityModel.Tokens.Jwt (6.8)
      Microsoft.IdentityModel.JsonWebTokens (>= 6.8)
      Microsoft.IdentityModel.Tokens (>= 6.8)
    System.IO (4.3)
    System.IO.Pipelines (5.0.1)
      System.Buffers (>= 4.5.1)
      System.Memory (>= 4.5.4)
      System.Threading.Tasks.Extensions (>= 4.5.4)
    System.Memory (4.5.4)
      System.Buffers (>= 4.5.1)
      System.Numerics.Vectors (>= 4.5)
      System.Runtime.CompilerServices.Unsafe (>= 4.5.3)
    System.Net.Http (4.3.4)
      System.Security.Cryptography.X509Certificates (>= 4.3)
    System.Net.WebSockets (4.3)
    System.Numerics.Vectors (4.5)
    System.Reflection.Emit (4.7)
    System.Reflection.Emit.Lightweight (4.7)
    System.Reflection.Metadata (5.0)
      System.Collections.Immutable (>= 5.0)
    System.Runtime (4.3.1)
    System.Runtime.CompilerServices.Unsafe (5.0)
    System.Security.AccessControl (5.0)
      System.Security.Principal.Windows (>= 5.0)
    System.Security.Cryptography.Algorithms (4.3.1)
      System.IO (>= 4.3)
      System.Runtime (>= 4.3)
      System.Security.Cryptography.Encoding (>= 4.3)
      System.Security.Cryptography.Primitives (>= 4.3)
    System.Security.Cryptography.Encoding (4.3)
    System.Security.Cryptography.Primitives (4.3)
    System.Security.Cryptography.X509Certificates (4.3.2)
      System.Security.Cryptography.Algorithms (>= 4.3)
      System.Security.Cryptography.Encoding (>= 4.3)
    System.Security.Principal.Windows (5.0)
    System.Threading.AccessControl (5.0)
      System.Security.AccessControl (>= 5.0)
      System.Security.Principal.Windows (>= 5.0)
    System.Threading.Tasks.Dataflow (5.0)
    System.Threading.Tasks.Extensions (4.5.4)
      System.Runtime.CompilerServices.Unsafe (>= 4.5.3)

GROUP VS2022
RESTRICTION: == net48
NUGET
  remote: https://api.nuget.org/v3/index.json
    MessagePack (3.1.4)
      MessagePack.Annotations (>= 3.1.4)
      MessagePackAnalyzer (>= 3.1.4)
      Microsoft.Bcl.AsyncInterfaces (>= 8.0)
      Microsoft.NET.StringTools (>= 17.11.4)
      System.Collections.Immutable (>= 8.0)
      System.Memory (>= 4.5.5)
      System.Runtime.CompilerServices.Unsafe (>= 6.0)
      System.Threading.Tasks.Extensions (>= 4.5.4)
    MessagePack.Annotations (3.1.4)
    MessagePackAnalyzer (3.1.4)
    Microsoft.AspNet.WebApi.Client (5.2.7)
      Newtonsoft.Json (>= 6.0.4)
    Microsoft.AspNet.WebApi.Core (5.2.7)
      Microsoft.AspNet.WebApi.Client (>= 5.2.7)
    Microsoft.AspNet.WebApi.WebHost (5.2.7)
      Microsoft.AspNet.WebApi.Core (>= 5.2.7 < 5.3)
    Microsoft.Bcl.AsyncInterfaces (10.0.3)
      System.Threading.Tasks.Extensions (>= 4.6.3)
    Microsoft.Bcl.HashCode (6.0)
    Microsoft.Bcl.TimeProvider (10.0.3)
      Microsoft.Bcl.AsyncInterfaces (>= 10.0.3)
      System.ValueTuple (>= 4.6.1)
    Microsoft.Build.Framework (18.3.3)
      System.Collections.Immutable (>= 9.0.11)
      System.Diagnostics.DiagnosticSource (>= 9.0.11)
      System.Memory (>= 4.6)
      System.Runtime.CompilerServices.Unsafe (>= 6.1)
      System.Text.Json (>= 9.0.11)
      System.Threading.Tasks.Extensions (>= 4.6)
    Microsoft.CSharp (4.7)
    Microsoft.Extensions.DependencyInjection.Abstractions (10.0.3)
      Microsoft.Bcl.AsyncInterfaces (>= 10.0.3)
      System.Threading.Tasks.Extensions (>= 4.6.3)
    Microsoft.Extensions.Logging.Abstractions (10.0.3)
      Microsoft.Extensions.DependencyInjection.Abstractions (>= 10.0.3)
      System.Buffers (>= 4.6.1)
      System.Diagnostics.DiagnosticSource (>= 10.0.3)
      System.Memory (>= 4.6.3)
    Microsoft.Identity.Client (4.82.1)
      Microsoft.IdentityModel.Abstractions (>= 8.14)
      System.Diagnostics.DiagnosticSource (>= 6.0.1)
      System.Formats.Asn1 (>= 8.0.1)
      System.ValueTuple (>= 4.5)
    Microsoft.Identity.Client.Extensions.Msal (4.82.1)
      Microsoft.Identity.Client (>= 4.82.1)
      System.IO.FileSystem.AccessControl (>= 5.0)
      System.Security.Cryptography.ProtectedData (>= 4.5)
    Microsoft.IdentityModel.Abstractions (8.16)
    Microsoft.IdentityModel.JsonWebTokens (8.16)
      Microsoft.Bcl.TimeProvider (>= 8.0.1)
      Microsoft.IdentityModel.Tokens (>= 8.16)
    Microsoft.IdentityModel.Logging (8.16)
      Microsoft.IdentityModel.Abstractions (>= 8.16)
    Microsoft.IdentityModel.Tokens (8.16)
      Microsoft.Bcl.TimeProvider (>= 8.0.1)
      Microsoft.Extensions.Logging.Abstractions (>= 2.1)
      Microsoft.IdentityModel.Logging (>= 8.16)
      System.Diagnostics.DiagnosticSource (>= 6.0.2)
      System.Memory (>= 4.5.5)
      System.Text.Json (>= 8.0.5)
    Microsoft.IO.Redist (6.1.3)
      System.Buffers (>= 4.6.1)
      System.Memory (>= 4.6.3)
    Microsoft.NET.StringTools (18.3.3)
      System.Memory (>= 4.6)
      System.Runtime.CompilerServices.Unsafe (>= 6.1)
    Microsoft.ServiceHub.Analyzers (4.8.55)
    Microsoft.ServiceHub.Framework (4.8.55)
      Microsoft.ServiceHub.Analyzers (>= 4.8.55)
      Microsoft.VisualStudio.Composition (>= 17.12.20)
      Microsoft.VisualStudio.Threading (>= 17.13.2)
      Microsoft.VisualStudio.Validation (>= 17.8.8)
      Nerdbank.Streams (>= 2.11.86)
      StreamJsonRpc (>= 2.21.10)
      System.Collections.Immutable (>= 8.0)
      System.Text.Json (>= 8.0.5)
    Microsoft.ServiceHub.Resources (4.6.2052)
    Microsoft.TeamFoundation.DistributedTask.Common.Contracts (19.225.2)
      Microsoft.VisualStudio.Services.Client (19.225.2)
    Microsoft.TeamFoundationServer.Client (19.225.2)
      Microsoft.AspNet.WebApi.Client (>= 5.2.7)
      Microsoft.AspNet.WebApi.Core (>= 5.2.7)
      Microsoft.AspNet.WebApi.WebHost (>= 5.2.7)
      Microsoft.TeamFoundation.DistributedTask.Common.Contracts (19.225.2)
      Microsoft.VisualStudio.Services.Client (19.225.2)
      Newtonsoft.Json (>= 13.0.2)
    Microsoft.TeamFoundationServer.ExtendedClient (19.225.2)
      Microsoft.AspNet.WebApi.Client (>= 5.2.7)
      Microsoft.AspNet.WebApi.Core (>= 5.2.7)
      Microsoft.TeamFoundationServer.Client (19.225.2)
      Microsoft.VisualStudio.Services.Client (19.225.2)
      Microsoft.VisualStudio.Services.InteractiveClient (19.225.2)
      Newtonsoft.Json (>= 13.0.2)
      System.IdentityModel.Tokens.Jwt (>= 6.30.1)
    Microsoft.VisualStudio.ComponentModelHost (17.14.106)
      MessagePack (>= 2.5.192)
      MessagePack.Annotations (>= 2.5.192)
      Microsoft.Bcl.AsyncInterfaces (>= 8.0)
      Microsoft.VisualStudio.Composition (>= 17.12.20)
      Microsoft.VisualStudio.Imaging.Interop.14.0.DesignTime (>= 17.13.39273)
      Microsoft.VisualStudio.Interop (>= 17.13.39276)
      Microsoft.VisualStudio.Validation (>= 17.8.8)
      System.Collections.Immutable (>= 8.0)
      System.ComponentModel.Composition (>= 8.0)
      System.Memory (>= 4.5.5)
      System.Reflection.Metadata (>= 8.0)
      System.Runtime.CompilerServices.Unsafe (>= 6.0)
      System.Threading.Tasks.Extensions (>= 4.5.4)
    Microsoft.VisualStudio.Composition (17.13.41)
      MessagePack (>= 2.5.192)
      Microsoft.VisualStudio.Composition.Analyzers (>= 17.13.41)
      Microsoft.VisualStudio.Validation (>= 17.8.8)
      System.Collections.Immutable (>= 8.0)
      System.ComponentModel.Composition (>= 8.0)
      System.Composition (>= 8.0)
      System.Composition.AttributedModel (>= 8.0)
      System.Reflection.Metadata (>= 8.0)
      System.Threading.Tasks.Dataflow (>= 8.0.1)
    Microsoft.VisualStudio.Composition.Analyzers (17.13.41)
    Microsoft.VisualStudio.GraphModel (17.14.40260)
      Microsoft.VisualStudio.Interop (>= 17.14.40260)
      System.ComponentModel.Composition (>= 9.0)
    Microsoft.VisualStudio.ImageCatalog (17.14.40260)
      Microsoft.VisualStudio.Imaging.Interop.14.0.DesignTime (>= 17.14.40254)
      Microsoft.VisualStudio.Interop (>= 17.14.40260)
    Microsoft.VisualStudio.Imaging (17.14.40264)
      MessagePack (>= 2.5.192)
      MessagePack.Annotations (>= 2.5.192)
      Microsoft.Bcl.AsyncInterfaces (>= 9.0)
      Microsoft.IO.Redist (>= 6.1)
      Microsoft.NET.StringTools (>= 17.14.7)
      Microsoft.ServiceHub.Analyzers (>= 4.8.55)
      Microsoft.ServiceHub.Framework (>= 4.8.55)
      Microsoft.ServiceHub.Resources (>= 4.6.2052)
      Microsoft.VisualStudio.Composition (>= 17.13.41)
      Microsoft.VisualStudio.Composition.Analyzers (>= 17.13.41)
      Microsoft.VisualStudio.Imaging.Interop.14.0.DesignTime (>= 17.14.40254)
      Microsoft.VisualStudio.RemoteControl (>= 16.3.52)
      Microsoft.VisualStudio.RpcContracts (>= 17.14.20)
      Microsoft.VisualStudio.Telemetry (>= 17.14.18)
      Microsoft.VisualStudio.Threading (>= 17.14.15)
      Microsoft.VisualStudio.Threading.Analyzers (>= 17.14.15)
      Microsoft.VisualStudio.Threading.Only (>= 17.14.15)
      Microsoft.VisualStudio.Utilities (>= 17.14.40264)
      Microsoft.VisualStudio.Utilities.Internal (>= 16.3.90)
      Microsoft.VisualStudio.Validation (>= 17.8.8)
      Microsoft.Win32.Registry (>= 5.0)
      Nerdbank.Streams (>= 2.12.87)
      Newtonsoft.Json (>= 13.0.3)
      StreamJsonRpc (>= 2.22.11)
      System.Buffers (>= 4.6)
      System.Collections.Immutable (>= 9.0)
      System.ComponentModel.Composition (>= 9.0)
      System.Composition (>= 9.0)
      System.Composition.AttributedModel (>= 9.0)
      System.Composition.Convention (>= 9.0)
      System.Composition.Hosting (>= 9.0)
      System.Composition.Runtime (>= 9.0)
      System.Composition.TypedParts (>= 9.0)
      System.Diagnostics.DiagnosticSource (>= 9.0)
      System.IO.Pipelines (>= 9.0)
      System.Memory (>= 4.6)
      System.Numerics.Vectors (>= 4.6)
      System.Reflection.Metadata (>= 9.0)
      System.Runtime.CompilerServices.Unsafe (>= 6.1)
      System.Security.AccessControl (>= 6.0)
      System.Security.Principal.Windows (>= 5.0)
      System.Text.Encodings.Web (>= 9.0)
      System.Text.Json (>= 9.0)
      System.Threading.AccessControl (>= 9.0)
      System.Threading.Tasks.Dataflow (>= 9.0)
      System.Threading.Tasks.Extensions (>= 4.6)
      System.ValueTuple (>= 4.5)
    Microsoft.VisualStudio.Imaging.Interop.14.0.DesignTime (17.14.40254)
    Microsoft.VisualStudio.Interop (17.14.40260)
      Microsoft.VisualStudio.Imaging.Interop.14.0.DesignTime (>= 17.14.40254)
    Microsoft.VisualStudio.ProjectAggregator (17.14.40254)
    Microsoft.VisualStudio.RegDetour (17.10.34916.79)
    Microsoft.VisualStudio.RemoteControl (16.3.52)
      Microsoft.VisualStudio.Utilities.Internal (>= 16.3.42)
    Microsoft.VisualStudio.RpcContracts (17.14.20)
      Microsoft.ServiceHub.Framework (>= 4.8.40)
      System.Text.Json (>= 8.0.5)
      System.Threading.Tasks.Dataflow (>= 8.0.1)
    Microsoft.VisualStudio.SDK.Analyzers (17.7.98)
    Microsoft.VisualStudio.Services.Client (19.225.2)
      Microsoft.AspNet.WebApi.Client (>= 5.2.7)
      Microsoft.IdentityModel.Tokens (>= 6.30.1)
      Newtonsoft.Json (>= 13.0.2)
      System.IdentityModel.Tokens.Jwt (>= 6.30.1)
      System.ValueTuple (>= 4.5)
    Microsoft.VisualStudio.Services.InteractiveClient (19.225.2)
      Microsoft.Identity.Client (>= 4.54.1)
      Microsoft.Identity.Client.Extensions.Msal (>= 2.23)
      Microsoft.IdentityModel.Tokens (>= 6.30.1)
      Microsoft.VisualStudio.Services.Client (19.225.2)
      Newtonsoft.Json (>= 13.0.2)
      System.IdentityModel.Tokens.Jwt (>= 6.30.1)
    Microsoft.VisualStudio.Settings.15.0 (17.10.34916.79)
      Microsoft.VisualStudio.RegDetour (>= 17.10.34916.79)
      Microsoft.VisualStudio.Shell.15.0 (>= 17.10.34916.79)
    Microsoft.VisualStudio.Setup.Configuration.Interop (3.0.4496)
    Microsoft.VisualStudio.Shell.15.0 (17.14.40264)
      MessagePack (>= 2.5.192)
      MessagePack.Annotations (>= 2.5.192)
      Microsoft.Bcl.AsyncInterfaces (>= 9.0)
      Microsoft.Build.Framework (>= 17.14.7)
      Microsoft.IO.Redist (>= 6.1)
      Microsoft.NET.StringTools (>= 17.14.7)
      Microsoft.ServiceHub.Analyzers (>= 4.8.55)
      Microsoft.ServiceHub.Framework (>= 4.8.55)
      Microsoft.ServiceHub.Resources (>= 4.6.2052)
      Microsoft.VisualStudio.ComponentModelHost (>= 17.14.106)
      Microsoft.VisualStudio.Composition (>= 17.13.41)
      Microsoft.VisualStudio.Composition.Analyzers (>= 17.13.41)
      Microsoft.VisualStudio.GraphModel (>= 17.14.40260)
      Microsoft.VisualStudio.ImageCatalog (>= 17.14.40260)
      Microsoft.VisualStudio.Imaging (>= 17.14.40264)
      Microsoft.VisualStudio.Imaging.Interop.14.0.DesignTime (>= 17.14.40254)
      Microsoft.VisualStudio.Interop (>= 17.14.40260)
      Microsoft.VisualStudio.ProjectAggregator (>= 17.14.40254)
      Microsoft.VisualStudio.RemoteControl (>= 16.3.52)
      Microsoft.VisualStudio.RpcContracts (>= 17.14.20)
      Microsoft.VisualStudio.SDK.Analyzers (>= 17.7.79)
      Microsoft.VisualStudio.Shell.Framework (>= 17.14.40264)
      Microsoft.VisualStudio.Telemetry (>= 17.14.18)
      Microsoft.VisualStudio.Threading (>= 17.14.15)
      Microsoft.VisualStudio.Threading.Analyzers (>= 17.14.15)
      Microsoft.VisualStudio.Threading.Only (>= 17.14.15)
      Microsoft.VisualStudio.Utilities (>= 17.14.40264)
      Microsoft.VisualStudio.Utilities.Internal (>= 16.3.90)
      Microsoft.VisualStudio.Validation (>= 17.8.8)
      Microsoft.Win32.Registry (>= 5.0)
      Nerdbank.Streams (>= 2.12.87)
      Newtonsoft.Json (>= 13.0.3)
      StreamJsonRpc (>= 2.22.11)
      System.Buffers (>= 4.6)
      System.Collections.Immutable (>= 9.0)
      System.ComponentModel.Composition (>= 9.0)
      System.Composition (>= 9.0)
      System.Composition.AttributedModel (>= 9.0)
      System.Composition.Convention (>= 9.0)
      System.Composition.Hosting (>= 9.0)
      System.Composition.Runtime (>= 9.0)
      System.Composition.TypedParts (>= 9.0)
      System.Diagnostics.DiagnosticSource (>= 9.0)
      System.IO.Pipelines (>= 9.0)
      System.Memory (>= 4.6)
      System.Numerics.Vectors (>= 4.6)
      System.Reflection.Metadata (>= 9.0)
      System.Runtime.CompilerServices.Unsafe (>= 6.1)
      System.Security.AccessControl (>= 6.0)
      System.Security.Principal.Windows (>= 5.0)
      System.Text.Encodings.Web (>= 9.0)
      System.Text.Json (>= 9.0)
      System.Threading.AccessControl (>= 9.0)
      System.Threading.Tasks.Dataflow (>= 9.0)
      System.Threading.Tasks.Extensions (>= 4.6)
      System.ValueTuple (>= 4.5)
    Microsoft.VisualStudio.Shell.Framework (17.14.40264)
      MessagePack (>= 2.5.192)
      MessagePack.Annotations (>= 2.5.192)
      Microsoft.Bcl.AsyncInterfaces (>= 9.0)
      Microsoft.Build.Framework (>= 17.14.7)
      Microsoft.IO.Redist (>= 6.1)
      Microsoft.NET.StringTools (>= 17.14.7)
      Microsoft.ServiceHub.Analyzers (>= 4.8.55)
      Microsoft.ServiceHub.Framework (>= 4.8.55)
      Microsoft.ServiceHub.Resources (>= 4.6.2052)
      Microsoft.VisualStudio.Composition (>= 17.13.41)
      Microsoft.VisualStudio.Composition.Analyzers (>= 17.13.41)
      Microsoft.VisualStudio.GraphModel (>= 17.14.40260)
      Microsoft.VisualStudio.Imaging.Interop.14.0.DesignTime (>= 17.14.40254)
      Microsoft.VisualStudio.Interop (>= 17.14.40260)
      Microsoft.VisualStudio.RemoteControl (>= 16.3.52)
      Microsoft.VisualStudio.RpcContracts (>= 17.14.20)
      Microsoft.VisualStudio.SDK.Analyzers (>= 17.7.79)
      Microsoft.VisualStudio.Telemetry (>= 17.14.18)
      Microsoft.VisualStudio.Threading (>= 17.14.15)
      Microsoft.VisualStudio.Threading.Analyzers (>= 17.14.15)
      Microsoft.VisualStudio.Threading.Only (>= 17.14.15)
      Microsoft.VisualStudio.Utilities (>= 17.14.40264)
      Microsoft.VisualStudio.Utilities.Internal (>= 16.3.90)
      Microsoft.VisualStudio.Validation (>= 17.8.8)
      Microsoft.Win32.Registry (>= 5.0)
      Nerdbank.Streams (>= 2.12.87)
      Newtonsoft.Json (>= 13.0.3)
      StreamJsonRpc (>= 2.22.11)
      System.Buffers (>= 4.6)
      System.Collections.Immutable (>= 9.0)
      System.ComponentModel.Composition (>= 9.0)
      System.Composition (>= 9.0)
      System.Composition.AttributedModel (>= 9.0)
      System.Composition.Convention (>= 9.0)
      System.Composition.Hosting (>= 9.0)
      System.Composition.Runtime (>= 9.0)
      System.Composition.TypedParts (>= 9.0)
      System.Diagnostics.DiagnosticSource (>= 9.0)
      System.IO.Pipelines (>= 9.0)
      System.Memory (>= 4.6)
      System.Numerics.Vectors (>= 4.6)
      System.Reflection.Metadata (>= 9.0)
      System.Runtime.CompilerServices.Unsafe (>= 6.1)
      System.Security.AccessControl (>= 6.0)
      System.Security.Principal.Windows (>= 5.0)
      System.Text.Encodings.Web (>= 9.0)
      System.Text.Json (>= 9.0)
      System.Threading.AccessControl (>= 9.0)
      System.Threading.Tasks.Dataflow (>= 9.0)
      System.Threading.Tasks.Extensions (>= 4.6)
      System.ValueTuple (>= 4.5)
    Microsoft.VisualStudio.Telemetry (17.14.18)
      Microsoft.CSharp (>= 4.7)
      Microsoft.VisualStudio.RemoteControl (>= 16.3.52)
      Microsoft.VisualStudio.Utilities.Internal (>= 16.3.90)
      Newtonsoft.Json (>= 13.0.3)
      System.Memory (>= 4.5.4)
      System.Runtime.CompilerServices.Unsafe (>= 5.0)
    Microsoft.VisualStudio.Threading (17.14.15)
      Microsoft.Bcl.AsyncInterfaces (>= 9.0)
      Microsoft.VisualStudio.Threading.Analyzers (>= 17.14.15)
      Microsoft.VisualStudio.Threading.Only (>= 17.14.15)
      Microsoft.VisualStudio.Validation (>= 17.8.8)
      Microsoft.Win32.Registry (>= 5.0)
      System.Memory (>= 4.6)
      System.Runtime.CompilerServices.Unsafe (>= 6.1)
      System.Threading.Tasks.Extensions (>= 4.6)
    Microsoft.VisualStudio.Threading.Analyzers (17.14.15)
    Microsoft.VisualStudio.Threading.Only (17.14.15)
      Microsoft.Bcl.AsyncInterfaces (>= 9.0)
      Microsoft.VisualStudio.Validation (>= 17.8.8)
      Microsoft.Win32.Registry (>= 5.0)
      System.Memory (>= 4.6)
      System.Runtime.CompilerServices.Unsafe (>= 6.1)
      System.Threading.Tasks.Extensions (>= 4.6)
    Microsoft.VisualStudio.Utilities (17.14.40264)
      MessagePack (>= 2.5.192)
      MessagePack.Annotations (>= 2.5.192)
      Microsoft.Bcl.AsyncInterfaces (>= 9.0)
      Microsoft.IO.Redist (>= 6.1)
      Microsoft.NET.StringTools (>= 17.14.7)
      Microsoft.ServiceHub.Framework (>= 4.8.55)
      Microsoft.ServiceHub.Resources (>= 4.6.2052)
      Microsoft.VisualStudio.Composition (>= 17.13.41)
      Microsoft.VisualStudio.Composition.Analyzers (>= 17.13.41)
      Microsoft.VisualStudio.RemoteControl (>= 16.3.52)
      Microsoft.VisualStudio.RpcContracts (>= 17.14.20)
      Microsoft.VisualStudio.Telemetry (>= 17.14.18)
      Microsoft.VisualStudio.Threading (>= 17.14.15)
      Microsoft.VisualStudio.Threading.Analyzers (>= 17.14.15)
      Microsoft.VisualStudio.Threading.Only (>= 17.14.15)
      Microsoft.VisualStudio.Utilities.Internal (>= 16.3.90)
      Microsoft.VisualStudio.Validation (>= 17.8.8)
      Microsoft.Win32.Registry (>= 5.0)
      Nerdbank.Streams (>= 2.12.87)
      Newtonsoft.Json (>= 13.0.3)
      StreamJsonRpc (>= 2.22.11)
      System.Buffers (>= 4.6)
      System.Collections.Immutable (>= 9.0)
      System.ComponentModel.Composition (>= 9.0)
      System.Composition (>= 9.0)
      System.Composition.AttributedModel (>= 9.0)
      System.Composition.Convention (>= 9.0)
      System.Composition.Hosting (>= 9.0)
      System.Composition.Runtime (>= 9.0)
      System.Composition.TypedParts (>= 9.0)
      System.Diagnostics.DiagnosticSource (>= 9.0)
      System.IO.Pipelines (>= 9.0)
      System.Memory (>= 4.6)
      System.Numerics.Vectors (>= 4.6)
      System.Reflection.Metadata (>= 9.0)
      System.Runtime.CompilerServices.Unsafe (>= 6.1)
      System.Security.AccessControl (>= 6.0)
      System.Security.Principal.Windows (>= 5.0)
      System.Text.Encodings.Web (>= 9.0)
      System.Text.Json (>= 9.0)
      System.Threading.AccessControl (>= 9.0)
      System.Threading.Tasks.Dataflow (>= 9.0)
      System.Threading.Tasks.Extensions (>= 4.6)
      System.ValueTuple (>= 4.5)
    Microsoft.VisualStudio.Utilities.Internal (16.3.90)
    Microsoft.VisualStudio.Validation (17.13.22)
    Microsoft.Win32.Registry (5.0)
      System.Security.AccessControl (>= 5.0)
      System.Security.Principal.Windows (>= 5.0)
    Nerdbank.MessagePack (1.0.43)
      Microsoft.Bcl.HashCode (>= 6.0)
      Microsoft.NET.StringTools (>= 18.0.2)
      Microsoft.VisualStudio.Validation (>= 17.13.22)
      PolyType (>= 1.0)
      System.Collections.Immutable (>= 8.0)
      System.IO.Pipelines (>= 8.0)
      System.Text.Json (>= 8.0.6)
    Nerdbank.Streams (2.13.16)
      Microsoft.Bcl.AsyncInterfaces (>= 8.0)
      Microsoft.VisualStudio.Threading.Only (>= 17.13.61)
      Microsoft.VisualStudio.Validation (>= 17.8.8)
      System.IO.Pipelines (>= 8.0)
      System.Runtime.CompilerServices.Unsafe (>= 6.1)
    Newtonsoft.Json (13.0.4)
    PolyType (1.1.1)
      System.Memory (>= 4.5.5)
      System.Reflection.Emit.Lightweight (>= 4.7)
      System.Runtime.CompilerServices.Unsafe (>= 6.0)
      System.Threading.Tasks.Extensions (>= 4.5.4)
    StreamJsonRpc (2.24.84)
      MessagePack (>= 2.5.198)
      Microsoft.Bcl.AsyncInterfaces (>= 9.0)
      Microsoft.VisualStudio.Threading.Only (>= 17.14.15)
      Microsoft.VisualStudio.Validation (>= 17.13.22)
      Nerdbank.MessagePack (>= 1.0.2)
      Nerdbank.Streams (>= 2.13.16)
      Newtonsoft.Json (>= 13.0.3)
      System.Collections.Immutable (>= 8.0)
      System.Diagnostics.DiagnosticSource (>= 8.0.1)
      System.IO.Pipelines (>= 8.0)
      System.Text.Json (>= 8.0.6)
      System.Threading.Tasks.Dataflow (>= 8.0.1)
    System.Buffers (4.6.1)
    System.Collections.Immutable (10.0.3)
      System.Memory (>= 4.6.3)
      System.Runtime.CompilerServices.Unsafe (>= 6.1.2)
    System.ComponentModel.Composition (10.0.3)
    System.Composition (10.0.3)
      System.Composition.AttributedModel (>= 10.0.3)
      System.Composition.Convention (>= 10.0.3)
      System.Composition.Hosting (>= 10.0.3)
      System.Composition.Runtime (>= 10.0.3)
      System.Composition.TypedParts (>= 10.0.3)
    System.Composition.AttributedModel (10.0.3)
    System.Composition.Convention (10.0.3)
      System.Composition.AttributedModel (>= 10.0.3)
    System.Composition.Hosting (10.0.3)
      System.Composition.Runtime (>= 10.0.3)
    System.Composition.Runtime (10.0.3)
    System.Composition.TypedParts (10.0.3)
      System.Composition.AttributedModel (>= 10.0.3)
      System.Composition.Hosting (>= 10.0.3)
      System.Composition.Runtime (>= 10.0.3)
    System.Diagnostics.DiagnosticSource (10.0.3)
      System.Memory (>= 4.6.3)
      System.Runtime.CompilerServices.Unsafe (>= 6.1.2)
    System.Formats.Asn1 (10.0.3)
      System.Memory (>= 4.6.3)
      System.ValueTuple (>= 4.6.1)
    System.IdentityModel.Tokens.Jwt (8.16)
      Microsoft.IdentityModel.JsonWebTokens (>= 8.16)
      Microsoft.IdentityModel.Tokens (>= 8.16)
    System.IO.FileSystem.AccessControl (5.0)
      System.Security.AccessControl (>= 5.0)
      System.Security.Principal.Windows (>= 5.0)
    System.IO.Pipelines (10.0.3)
      System.Buffers (>= 4.6.1)
      System.Memory (>= 4.6.3)
      System.Threading.Tasks.Extensions (>= 4.6.3)
    System.Memory (4.6.3)
      System.Buffers (>= 4.6.1)
      System.Numerics.Vectors (>= 4.6.1)
      System.Runtime.CompilerServices.Unsafe (>= 6.1.2)
    System.Numerics.Vectors (4.6.1)
    System.Reflection.Emit.Lightweight (4.7)
    System.Reflection.Metadata (10.0.3)
      System.Collections.Immutable (>= 10.0.3)
    System.Runtime.CompilerServices.Unsafe (6.1.2)
    System.Security.AccessControl (6.0)
      System.Security.Principal.Windows (>= 5.0)
    System.Security.Cryptography.ProtectedData (10.0.3)
    System.Security.Principal.Windows (5.0)
    System.Text.Encodings.Web (10.0.3)
      System.Buffers (>= 4.6.1)
      System.Memory (>= 4.6.3)
      System.Runtime.CompilerServices.Unsafe (>= 6.1.2)
    System.Text.Json (10.0.3)
      Microsoft.Bcl.AsyncInterfaces (>= 10.0.3)
      System.Buffers (>= 4.6.1)
      System.IO.Pipelines (>= 10.0.3)
      System.Memory (>= 4.6.3)
      System.Runtime.CompilerServices.Unsafe (>= 6.1.2)
      System.Text.Encodings.Web (>= 10.0.3)
      System.Threading.Tasks.Extensions (>= 4.6.3)
      System.ValueTuple (>= 4.6.1)
    System.Threading.AccessControl (10.0.3)
      System.Security.AccessControl (>= 6.0)
      System.Security.Principal.Windows (>= 5.0)
    System.Threading.Tasks.Dataflow (10.0.3)
    System.Threading.Tasks.Extensions (4.6.3)
      System.Runtime.CompilerServices.Unsafe (>= 6.1.2)
    System.ValueTuple (4.6.2)
